
Microsoft Visual Studio Solution File, Format Version 12.00
# Visual Studio Version 16
VisualStudioVersion = 16.0.29519.87
MinimumVisualStudioVersion = 10.0.40219.1
Project("{2150E333-8FDC-42A3-9474-1A3956D46DE8}") = "Api-01", "Api-01", "{FAC6887E-27E8-499D-8062-5E892D3559CA}"
EndProject
Project("{9A19103F-16F7-4668-BE54-9A1E7A4F7556}") = "IngaiaService01.Test", "..\api-01\IngaiaService01.Test\IngaiaService01.Test.csproj", "{EDE1A7C7-FEBA-40B8-BCB0-5C7AD220859E}"
EndProject
Project("{2150E333-8FDC-42A3-9474-1A3956D46DE8}") = "Api-02", "Api-02", "{62DA0E95-0819-45D2-BD37-919E2AC51BD2}"
EndProject
Project("{9A19103F-16F7-4668-BE54-9A1E7A4F7556}") = "IngaiaService02.Api", "..\api-02\IngaiaService02.Api\IngaiaService02.Api.csproj", "{730F8E27-63A4-4A8E-B059-3E9A480BB384}"
EndProject
Project("{9A19103F-16F7-4668-BE54-9A1E7A4F7556}") = "IngaiaService02.Test", "..\api-02\IngaiaService02.Test\IngaiaService02.Test.csproj", "{DF1059DD-9E33-47C1-A90F-DD76F3F6032B}"
EndProject
Project("{9A19103F-16F7-4668-BE54-9A1E7A4F7556}") = "IngaiaService01.Api", "..\api-01\IngaiaService01.Api\IngaiaService01.Api.csproj", "{13B1BBE6-C692-4E90-9B21-3669AEDB490B}"
EndProject
Project("{9A19103F-16F7-4668-BE54-9A1E7A4F7556}") = "IngaiaService01.Domain", "..\api-01\IngaiaService01.Domain\IngaiaService01.Domain.csproj", "{99E1501D-FCDB-4FA6-A06C-22FA7EEB69D3}"
EndProject
Project("{9A19103F-16F7-4668-BE54-9A1E7A4F7556}") = "IngaiaService01.Data", "..\api-01\IngaiaService01.Data\IngaiaService01.Data.csproj", "{0F37BB55-9338-4D19-AE56-F41749A0320F}"
EndProject
Project("{9A19103F-16F7-4668-BE54-9A1E7A4F7556}") = "IngaiaService02.Domain", "..\api-02\IngaiaService02.Domain\IngaiaService02.Domain.csproj", "{E4C39CC2-A724-40A1-87E9-9D0AF34EDA4D}"
EndProject
Global
	GlobalSection(SolutionConfigurationPlatforms) = preSolution
		Debug|Any CPU = Debug|Any CPU
		Release|Any CPU = Release|Any CPU
	EndGlobalSection
	GlobalSection(ProjectConfigurationPlatforms) = postSolution
		{EDE1A7C7-FEBA-40B8-BCB0-5C7AD220859E}.Debug|Any CPU.ActiveCfg = Debug|Any CPU
		{EDE1A7C7-FEBA-40B8-BCB0-5C7AD220859E}.Debug|Any CPU.Build.0 = Debug|Any CPU
		{EDE1A7C7-FEBA-40B8-BCB0-5C7AD220859E}.Release|Any CPU.ActiveCfg = Release|Any CPU
		{EDE1A7C7-FEBA-40B8-BCB0-5C7AD220859E}.Release|Any CPU.Build.0 = Release|Any CPU
		{730F8E27-63A4-4A8E-B059-3E9A480BB384}.Debug|Any CPU.ActiveCfg = Debug|Any CPU
		{730F8E27-63A4-4A8E-B059-3E9A480BB384}.Debug|Any CPU.Build.0 = Debug|Any CPU
		{730F8E27-63A4-4A8E-B059-3E9A480BB384}.Release|Any CPU.ActiveCfg = Release|Any CPU
		{730F8E27-63A4-4A8E-B059-3E9A480BB384}.Release|Any CPU.Build.0 = Release|Any CPU
		{DF1059DD-9E33-47C1-A90F-DD76F3F6032B}.Debug|Any CPU.ActiveCfg = Debug|Any CPU
		{DF1059DD-9E33-47C1-A90F-DD76F3F6032B}.Debug|Any CPU.Build.0 = Debug|Any CPU
		{DF1059DD-9E33-47C1-A90F-DD76F3F6032B}.Release|Any CPU.ActiveCfg = Release|Any CPU
		{DF1059DD-9E33-47C1-A90F-DD76F3F6032B}.Release|Any CPU.Build.0 = Release|Any CPU
		{13B1BBE6-C692-4E90-9B21-3669AEDB490B}.Debug|Any CPU.ActiveCfg = Debug|Any CPU
		{13B1BBE6-C692-4E90-9B21-3669AEDB490B}.Debug|Any CPU.Build.0 = Debug|Any CPU
		{13B1BBE6-C692-4E90-9B21-3669AEDB490B}.Release|Any CPU.ActiveCfg = Release|Any CPU
		{13B1BBE6-C692-4E90-9B21-3669AEDB490B}.Release|Any CPU.Build.0 = Release|Any CPU
		{99E1501D-FCDB-4FA6-A06C-22FA7EEB69D3}.Debug|Any CPU.ActiveCfg = Debug|Any CPU
		{99E1501D-FCDB-4FA6-A06C-22FA7EEB69D3}.Debug|Any CPU.Build.0 = Debug|Any CPU
		{99E1501D-FCDB-4FA6-A06C-22FA7EEB69D3}.Release|Any CPU.ActiveCfg = Release|Any CPU
		{99E1501D-FCDB-4FA6-A06C-22FA7EEB69D3}.Release|Any CPU.Build.0 = Release|Any CPU
		{0F37BB55-9338-4D19-AE56-F41749A0320F}.Debug|Any CPU.ActiveCfg = Debug|Any CPU
		{0F37BB55-9338-4D19-AE56-F41749A0320F}.Debug|Any CPU.Build.0 = Debug|Any CPU
		{0F37BB55-9338-4D19-AE56-F41749A0320F}.Release|Any CPU.ActiveCfg = Release|Any CPU
		{0F37BB55-9338-4D19-AE56-F41749A0320F}.Release|Any CPU.Build.0 = Release|Any CPU
		{E4C39CC2-A724-40A1-87E9-9D0AF34EDA4D}.Debug|Any CPU.ActiveCfg = Debug|Any CPU
		{E4C39CC2-A724-40A1-87E9-9D0AF34EDA4D}.Debug|Any CPU.Build.0 = Debug|Any CPU
		{E4C39CC2-A724-40A1-87E9-9D0AF34EDA4D}.Release|Any CPU.ActiveCfg = Release|Any CPU
		{E4C39CC2-A724-40A1-87E9-9D0AF34EDA4D}.Release|Any CPU.Build.0 = Release|Any CPU
	EndGlobalSection
	GlobalSection(SolutionProperties) = preSolution
		HideSolutionNode = FALSE
	EndGlobalSection
	GlobalSection(NestedProjects) = preSolution
		{EDE1A7C7-FEBA-40B8-BCB0-5C7AD220859E} = {FAC6887E-27E8-499D-8062-5E892D3559CA}
		{730F8E27-63A4-4A8E-B059-3E9A480BB384} = {62DA0E95-0819-45D2-BD37-919E2AC51BD2}
		{DF1059DD-9E33-47C1-A90F-DD76F3F6032B} = {62DA0E95-0819-45D2-BD37-919E2AC51BD2}
		{13B1BBE6-C692-4E90-9B21-3669AEDB490B} = {FAC6887E-27E8-499D-8062-5E892D3559CA}
		{99E1501D-FCDB-4FA6-A06C-22FA7EEB69D3} = {FAC6887E-27E8-499D-8062-5E892D3559CA}
		{0F37BB55-9338-4D19-AE56-F41749A0320F} = {FAC6887E-27E8-499D-8062-5E892D3559CA}
		{E4C39CC2-A724-40A1-87E9-9D0AF34EDA4D} = {62DA0E95-0819-45D2-BD37-919E2AC51BD2}
	EndGlobalSection
	GlobalSection(ExtensibilityGlobals) = postSolution
		SolutionGuid = {88D1B939-3198-4C1F-9965-5B3824C0BE8E}
	EndGlobalSection
EndGlobal
